
Microsoft Visual Studio Solution File, Format Version 12.00
# Visual Studio 15
VisualStudioVersion = 15.0.27428.2002
MinimumVisualStudioVersion = 10.0.40219.1
Project("{FAE04EC0-301F-11D3-BF4B-00C04F79EFBC}") = "CustomFunctionOnJsonField", "EFPlayground\CustomFunctionOnJsonField.csproj", "{55AAD6EE-0213-4C50-9B6E-42C6DDF71FC9}"
EndProject
Global
	GlobalSection(SolutionConfigurationPlatforms) = preSolution
		Debug|Any CPU = Debug|Any CPU
		Release|Any CPU = Release|Any CPU
	EndGlobalSection
	GlobalSection(ProjectConfigurationPlatforms) = postSolution
		{55AAD6EE-0213-4C50-9B6E-42C6DDF71FC9}.Debug|Any CPU.ActiveCfg = Debug|Any CPU
		{55AAD6EE-0213-4C50-9B6E-42C6DDF71FC9}.Debug|Any CPU.Build.0 = Debug|Any CPU
		{55AAD6EE-0213-4C50-9B6E-42C6DDF71FC9}.Release|Any CPU.ActiveCfg = Release|Any CPU
		{55AAD6EE-0213-4C50-9B6E-42C6DDF71FC9}.Release|Any CPU.Build.0 = Release|Any CPU
	EndGlobalSection
	GlobalSection(SolutionProperties) = preSolution
		HideSolutionNode = FALSE
	EndGlobalSection
	GlobalSection(ExtensibilityGlobals) = postSolution
		SolutionGuid = {D4478234-ADEE-4E42-B51E-19E2BD7CEE4D}
	EndGlobalSection
EndGlobal
